
Microsoft Visual Studio Solution File, Format Version 12.00
# Visual Studio Version 16
VisualStudioVersion = 16.0.34031.81
MinimumVisualStudioVersion = 10.0.40219.1
Project("{FAE04EC0-301F-11D3-BF4B-00C04F79EFBC}") = "Tyuiu.NovikovNS.Sprint3.TaskReview.V12", "Tyuiu.NovikovNS.Sprint3.Review.V12\Tyuiu.NovikovNS.Sprint3.TaskReview.V12.csproj", "{193E9A4D-0349-432E-A0D2-40C202511386}"
EndProject
Project("{FAE04EC0-301F-11D3-BF4B-00C04F79EFBC}") = "Tyuiu.NovikovNS.Sprint3.TaskReview.V12.Test", "Tyuiu.NovikovNS.Sprint3.TaskReview.V12.Test\Tyuiu.NovikovNS.Sprint3.TaskReview.V12.Test.csproj", "{432275C5-9F1C-4A56-B6A7-0453CB260AF8}"
EndProject
Project("{FAE04EC0-301F-11D3-BF4B-00C04F79EFBC}") = "Tyuiu.NovikovNS.Sprint3.TaskReview.V12.Lib", "Tyuiu.NovikovNS.Sprint3.TaskReview.V12.Lib\Tyuiu.NovikovNS.Sprint3.TaskReview.V12.Lib.csproj", "{4C7C24D3-91D7-417D-BDAC-0F80FBC2E3A5}"
EndProject
Global
	GlobalSection(SolutionConfigurationPlatforms) = preSolution
		Debug|Any CPU = Debug|Any CPU
		Release|Any CPU = Release|Any CPU
	EndGlobalSection
	GlobalSection(ProjectConfigurationPlatforms) = postSolution
		{193E9A4D-0349-432E-A0D2-40C202511386}.Debug|Any CPU.ActiveCfg = Debug|Any CPU
		{193E9A4D-0349-432E-A0D2-40C202511386}.Debug|Any CPU.Build.0 = Debug|Any CPU
		{193E9A4D-0349-432E-A0D2-40C202511386}.Release|Any CPU.ActiveCfg = Release|Any CPU
		{193E9A4D-0349-432E-A0D2-40C202511386}.Release|Any CPU.Build.0 = Release|Any CPU
		{432275C5-9F1C-4A56-B6A7-0453CB260AF8}.Debug|Any CPU.ActiveCfg = Debug|Any CPU
		{432275C5-9F1C-4A56-B6A7-0453CB260AF8}.Debug|Any CPU.Build.0 = Debug|Any CPU
		{432275C5-9F1C-4A56-B6A7-0453CB260AF8}.Release|Any CPU.ActiveCfg = Release|Any CPU
		{432275C5-9F1C-4A56-B6A7-0453CB260AF8}.Release|Any CPU.Build.0 = Release|Any CPU
		{4C7C24D3-91D7-417D-BDAC-0F80FBC2E3A5}.Debug|Any CPU.ActiveCfg = Debug|Any CPU
		{4C7C24D3-91D7-417D-BDAC-0F80FBC2E3A5}.Debug|Any CPU.Build.0 = Debug|Any CPU
		{4C7C24D3-91D7-417D-BDAC-0F80FBC2E3A5}.Release|Any CPU.ActiveCfg = Release|Any CPU
		{4C7C24D3-91D7-417D-BDAC-0F80FBC2E3A5}.Release|Any CPU.Build.0 = Release|Any CPU
	EndGlobalSection
	GlobalSection(SolutionProperties) = preSolution
		HideSolutionNode = FALSE
	EndGlobalSection
	GlobalSection(ExtensibilityGlobals) = postSolution
		SolutionGuid = {1477353E-EE6A-4778-92C2-F2A31748E666}
	EndGlobalSection
EndGlobal
